hash: 1f1bad936663d48d882c5eca4ada75ac6c7bb67fa4f67cde42d226c1401e48ab
updated: 2017-07-08T19:48:01.894576029Z
imports:
- name: github.com/dgrijalva/jwt-go
  version: a539ee1a749a2b895533f979515ac7e6e0f5b650
- name: github.com/facebookgo/clock
  version: 600d898af40aa09a7a93ecb9265d87b0504b6f03
- name: github.com/facebookgo/grace
  version: 4afe952a37a495ae4ac0c1d4ce5f66e91058d149
  subpackages:
  - gracehttp
  - gracenet
- name: github.com/facebookgo/httpdown
  version: a3b1354551a26449fbe05f5d855937f6e7acbd71
- name: github.com/facebookgo/stats
  version: 1b76add642e42c6ffba7211ad7b3939ce654526e
- name: github.com/fsnotify/fsnotify
  version: 4da3e2cfbabc9f751898f250b49f2439785783a1
- name: github.com/gocql/gocql
  version: c9b77994a03e50771f1c56f7a2ed6381cb9be797
  subpackages:
  - internal/lru
  - internal/murmur
  - internal/streams
- name: github.com/golang/snappy
  version: 553a641470496b2327abcac10b36396bd98e45c9
- name: github.com/hailocab/go-hostpool
  version: e80d13ce29ede4452c43dea11e79b9bc8a15b478
- name: github.com/hashicorp/hcl
  version: 392dba7d905ed5d04a5794ba89f558b27e2ba1ca
  subpackages:
  - hcl/ast
  - hcl/parser
  - hcl/scanner
  - hcl/strconv
  - hcl/token
  - json/parser
  - json/scanner
  - json/token
- name: github.com/labstack/echo
  version: 935a60782cbbc55110e7bd4b33120e4567cbee43
  subpackages:
  - middleware
- name: github.com/labstack/gommon
  version: 1121fd3e243c202482226a7afe4dcd07ffc4139a
  subpackages:
  - bytes
  - color
  - log
  - random
- name: github.com/magiconair/properties
  version: 51463bfca2576e06c62a8504b5c0f06d61312647
- name: github.com/mattn/go-colorable
  version: 941b50ebc6efddf4c41c8e4537a5f68a4e686b24
- name: github.com/mattn/go-isatty
  version: fc9e8d8ef48496124e79ae0df75490096eccf6fe
- name: github.com/mitchellh/mapstructure
  version: d0303fe809921458f417bcf828397a65db30a7e4
- name: github.com/pelletier/go-toml
  version: 69d355db5304c0f7f809a2edc054553e7142f016
- name: github.com/sirupsen/logrus
  version: 202f25545ea4cf9b191ff7f846df5d87c9382c2b
- name: github.com/spf13/afero
  version: 9be650865eab0c12963d8753212f4f9c66cdcf12
  subpackages:
  - mem
- name: github.com/spf13/cast
  version: acbeb36b902d72a7a4c18e8f3241075e7ab763e4
- name: github.com/spf13/jwalterweatherman
  version: 0efa5202c04663c757d84f90f5219c1250baf94f
- name: github.com/spf13/pflag
  version: e57e3eeb33f795204c1ca35f56c44f83227c6e66
- name: github.com/spf13/viper
  version: c1de95864d73a5465492829d7cb2dd422b19ac96
- name: github.com/valyala/bytebufferpool
  version: e746df99fe4a3986f4d4f79e13c1e0117ce9c2f7
- name: github.com/valyala/fasttemplate
  version: dcecefd839c4193db0d35b88ec65b4c12d360ab0
- name: golang.org/x/crypto
  version: 51714a8c4ac1764f07ab4127d7f739351ced4759
  subpackages:
  - acme
  - acme/autocert
- name: golang.org/x/sys
  version: 94b76065f2d2081d0fef24a6e67c571f51a6408a
  subpackages:
  - unix
- name: golang.org/x/text
  version: 2bf8f2a19ec09c670e931282edfe6567f6be21c9
  subpackages:
  - transform
  - unicode/norm
- name: gopkg.in/inf.v0
  version: 3887ee99ecf07df5b447e9b00d9c0b2adaa9f3e4
- name: gopkg.in/yaml.v2
  version: cd8b52f8269e0feb286dfeef29f8fe4d5b397e0b
testImports: []
